Microsoft Visual Studio Solution File, Format Version 12.00
# Visual Studio Version 17
VisualStudioVersion = 17.5.2.0
MinimumVisualStudioVersion = 10.0.40219.1
Project("{FAE04EC0-301F-11D3-BF4B-00C04F79EFBC}") = "ServerManagementApp1", "ServerManagementApp1.csproj", "{8A017B4D-2422-EFEF-0E96-2296B3688B99}"
EndProject
Global
	GlobalSection(SolutionConfigurationPlatforms) = preSolution
		Debug|Any CPU = Debug|Any CPU
		Release|Any CPU = Release|Any CPU
	EndGlobalSection
	GlobalSection(ProjectConfigurationPlatforms) = postSolution
		{8A017B4D-2422-EFEF-0E96-2296B3688B99}.Debug|Any CPU.ActiveCfg = Debug|Any CPU
		{8A017B4D-2422-EFEF-0E96-2296B3688B99}.Debug|Any CPU.Build.0 = Debug|Any CPU
		{8A017B4D-2422-EFEF-0E96-2296B3688B99}.Release|Any CPU.ActiveCfg = Release|Any CPU
		{8A017B4D-2422-EFEF-0E96-2296B3688B99}.Release|Any CPU.Build.0 = Release|Any CPU
	EndGlobalSection
	GlobalSection(SolutionProperties) = preSolution
		HideSolutionNode = FALSE
	EndGlobalSection
	GlobalSection(ExtensibilityGlobals) = postSolution
		SolutionGuid = {BF703396-2160-4FEF-B7A5-B7CB8838E160}
	EndGlobalSection
EndGlobal
